
Microsoft Visual Studio Solution File, Format Version 12.00
# Visual Studio Version 17
VisualStudioVersion = 17.4.33205.214
MinimumVisualStudioVersion = 10.0.40219.1
Project("{FAE04EC0-301F-11D3-BF4B-00C04F79EFBC}") = "sklad_sport_invent.API", "sklad_sport_invent.API\sklad_sport_invent.API.csproj", "{D41B4C67-D26F-4A06-8594-13604D5AFDAD}"
EndProject
Global
	GlobalSection(SolutionConfigurationPlatforms) = preSolution
		Debug|Any CPU = Debug|Any CPU
		Release|Any CPU = Release|Any CPU
	EndGlobalSection
	GlobalSection(ProjectConfigurationPlatforms) = postSolution
		{D41B4C67-D26F-4A06-8594-13604D5AFDAD}.Debug|Any CPU.ActiveCfg = Debug|Any CPU
		{D41B4C67-D26F-4A06-8594-13604D5AFDAD}.Debug|Any CPU.Build.0 = Debug|Any CPU
		{D41B4C67-D26F-4A06-8594-13604D5AFDAD}.Release|Any CPU.ActiveCfg = Release|Any CPU
		{D41B4C67-D26F-4A06-8594-13604D5AFDAD}.Release|Any CPU.Build.0 = Release|Any CPU
	EndGlobalSection
	GlobalSection(SolutionProperties) = preSolution
		HideSolutionNode = FALSE
	EndGlobalSection
	GlobalSection(ExtensibilityGlobals) = postSolution
		SolutionGuid = {CFDEBFAB-A89C-4A62-A4F1-2683AE41F17B}
	EndGlobalSection
EndGlobal
